
Microsoft Visual Studio Solution File, Format Version 12.00
# Visual Studio Version 17
VisualStudioVersion = 17.2.32516.85
MinimumVisualStudioVersion = 10.0.40219.1
Project("{FAE04EC0-301F-11D3-BF4B-00C04F79EFBC}") = "Evidence pojištění", "Evidence pojištění\Evidence pojištění.csproj", "{B713BCA0-5BF9-4C9F-A0E4-344A3E2FD07A}"
EndProject
Global
	GlobalSection(SolutionConfigurationPlatforms) = preSolution
		Debug|Any CPU = Debug|Any CPU
		Release|Any CPU = Release|Any CPU
	EndGlobalSection
	GlobalSection(ProjectConfigurationPlatforms) = postSolution
		{B713BCA0-5BF9-4C9F-A0E4-344A3E2FD07A}.Debug|Any CPU.ActiveCfg = Debug|Any CPU
		{B713BCA0-5BF9-4C9F-A0E4-344A3E2FD07A}.Debug|Any CPU.Build.0 = Debug|Any CPU
		{B713BCA0-5BF9-4C9F-A0E4-344A3E2FD07A}.Release|Any CPU.ActiveCfg = Release|Any CPU
		{B713BCA0-5BF9-4C9F-A0E4-344A3E2FD07A}.Release|Any CPU.Build.0 = Release|Any CPU
	EndGlobalSection
	GlobalSection(SolutionProperties) = preSolution
		HideSolutionNode = FALSE
	EndGlobalSection
	GlobalSection(ExtensibilityGlobals) = postSolution
		SolutionGuid = {335E1577-53DF-4B1D-9CCC-44A0F919FC9F}
	EndGlobalSection
EndGlobal
